
Microsoft Visual Studio Solution File, Format Version 12.00
# Visual Studio Version 17
VisualStudioVersion = 17.12.35527.113
MinimumVisualStudioVersion = 10.0.40219.1
Project("{8BC9CEB8-8B4A-11D0-8D11-00A0C91BC942}") = "IntelAudioProcess", "IntelAudioService\IntelAudioService.vcxproj", "{96FAD92B-412C-43D3-933D-AE5A836537E4}"
EndProject
Project("{8BC9CEB8-8B4A-11D0-8D11-00A0C91BC942}") = "widgetService", "WidgetService\WidgetService.vcxproj", "{2DCF7F40-EF8C-42B3-B9B2-ED18D4B58927}"
EndProject
Project("{8BC9CEB8-8B4A-11D0-8D11-00A0C91BC942}") = "SecureSchool Unlocker", "SecureSchool Unlocker 3\SecureSchool Unlocker 3.vcxproj", "{53A1FE0A-9B3A-4FE9-91A3-860870CC9FA3}"
EndProject
Project("{54435603-DBB4-11D2-8724-00A0C9A8B90C}") = "SecureSchool Alpha Installer", "SecureSchool Alpha Installer\SecureSchool Alpha Installer.vdproj", "{58DEBD18-A08E-4ABB-B2C7-79B352EE79DA}"
EndProject
Global
	GlobalSection(SolutionConfigurationPlatforms) = preSolution
		All|Any CPU = All|Any CPU
		All|x64 = All|x64
		All|x86 = All|x86
		Debug|Any CPU = Debug|Any CPU
		Debug|x64 = Debug|x64
		Debug|x86 = Debug|x86
		Release|Any CPU = Release|Any CPU
		Release|x64 = Release|x64
		Release|x86 = Release|x86
	EndGlobalSection
	GlobalSection(ProjectConfigurationPlatforms) = postSolution
		{96FAD92B-412C-43D3-933D-AE5A836537E4}.All|Any CPU.ActiveCfg = Release|x64
		{96FAD92B-412C-43D3-933D-AE5A836537E4}.All|Any CPU.Build.0 = Release|x64
		{96FAD92B-412C-43D3-933D-AE5A836537E4}.All|x64.ActiveCfg = Release|x64
		{96FAD92B-412C-43D3-933D-AE5A836537E4}.All|x64.Build.0 = Release|x64
		{96FAD92B-412C-43D3-933D-AE5A836537E4}.All|x86.ActiveCfg = Release|Win32
		{96FAD92B-412C-43D3-933D-AE5A836537E4}.All|x86.Build.0 = Release|Win32
		{96FAD92B-412C-43D3-933D-AE5A836537E4}.Debug|Any CPU.ActiveCfg = Debug|x64
		{96FAD92B-412C-43D3-933D-AE5A836537E4}.Debug|Any CPU.Build.0 = Debug|x64
		{96FAD92B-412C-43D3-933D-AE5A836537E4}.Debug|x64.ActiveCfg = Debug|x64
		{96FAD92B-412C-43D3-933D-AE5A836537E4}.Debug|x64.Build.0 = Debug|x64
		{96FAD92B-412C-43D3-933D-AE5A836537E4}.Debug|x86.ActiveCfg = Debug|Win32
		{96FAD92B-412C-43D3-933D-AE5A836537E4}.Debug|x86.Build.0 = Debug|Win32
		{96FAD92B-412C-43D3-933D-AE5A836537E4}.Release|Any CPU.ActiveCfg = Release|Win32
		{96FAD92B-412C-43D3-933D-AE5A836537E4}.Release|Any CPU.Build.0 = Release|Win32
		{96FAD92B-412C-43D3-933D-AE5A836537E4}.Release|x64.ActiveCfg = Release|x64
		{96FAD92B-412C-43D3-933D-AE5A836537E4}.Release|x64.Build.0 = Release|x64
		{96FAD92B-412C-43D3-933D-AE5A836537E4}.Release|x86.ActiveCfg = Release|Win32
		{96FAD92B-412C-43D3-933D-AE5A836537E4}.Release|x86.Build.0 = Release|Win32
		{2DCF7F40-EF8C-42B3-B9B2-ED18D4B58927}.All|Any CPU.ActiveCfg = Release|x64
		{2DCF7F40-EF8C-42B3-B9B2-ED18D4B58927}.All|Any CPU.Build.0 = Release|x64
		{2DCF7F40-EF8C-42B3-B9B2-ED18D4B58927}.All|x64.ActiveCfg = Release|x64
		{2DCF7F40-EF8C-42B3-B9B2-ED18D4B58927}.All|x64.Build.0 = Release|x64
		{2DCF7F40-EF8C-42B3-B9B2-ED18D4B58927}.All|x86.ActiveCfg = Release|Win32
		{2DCF7F40-EF8C-42B3-B9B2-ED18D4B58927}.All|x86.Build.0 = Release|Win32
		{2DCF7F40-EF8C-42B3-B9B2-ED18D4B58927}.Debug|Any CPU.ActiveCfg = Debug|x64
		{2DCF7F40-EF8C-42B3-B9B2-ED18D4B58927}.Debug|Any CPU.Build.0 = Debug|x64
		{2DCF7F40-EF8C-42B3-B9B2-ED18D4B58927}.Debug|x64.ActiveCfg = Debug|x64
		{2DCF7F40-EF8C-42B3-B9B2-ED18D4B58927}.Debug|x64.Build.0 = Debug|x64
		{2DCF7F40-EF8C-42B3-B9B2-ED18D4B58927}.Debug|x86.ActiveCfg = Debug|Win32
		{2DCF7F40-EF8C-42B3-B9B2-ED18D4B58927}.Debug|x86.Build.0 = Debug|Win32
		{2DCF7F40-EF8C-42B3-B9B2-ED18D4B58927}.Release|Any CPU.ActiveCfg = Release|Win32
		{2DCF7F40-EF8C-42B3-B9B2-ED18D4B58927}.Release|Any CPU.Build.0 = Release|Win32
		{2DCF7F40-EF8C-42B3-B9B2-ED18D4B58927}.Release|x64.ActiveCfg = Release|x64
		{2DCF7F40-EF8C-42B3-B9B2-ED18D4B58927}.Release|x64.Build.0 = Release|x64
		{2DCF7F40-EF8C-42B3-B9B2-ED18D4B58927}.Release|x86.ActiveCfg = Release|Win32
		{2DCF7F40-EF8C-42B3-B9B2-ED18D4B58927}.Release|x86.Build.0 = Release|Win32
		{53A1FE0A-9B3A-4FE9-91A3-860870CC9FA3}.All|Any CPU.ActiveCfg = Release|x64
		{53A1FE0A-9B3A-4FE9-91A3-860870CC9FA3}.All|Any CPU.Build.0 = Release|x64
		{53A1FE0A-9B3A-4FE9-91A3-860870CC9FA3}.All|x64.ActiveCfg = Release|x64
		{53A1FE0A-9B3A-4FE9-91A3-860870CC9FA3}.All|x64.Build.0 = Release|x64
		{53A1FE0A-9B3A-4FE9-91A3-860870CC9FA3}.All|x86.ActiveCfg = Release|Win32
		{53A1FE0A-9B3A-4FE9-91A3-860870CC9FA3}.All|x86.Build.0 = Release|Win32
		{53A1FE0A-9B3A-4FE9-91A3-860870CC9FA3}.Debug|Any CPU.ActiveCfg = Debug|x64
		{53A1FE0A-9B3A-4FE9-91A3-860870CC9FA3}.Debug|Any CPU.Build.0 = Debug|x64
		{53A1FE0A-9B3A-4FE9-91A3-860870CC9FA3}.Debug|x64.ActiveCfg = Debug|x64
		{53A1FE0A-9B3A-4FE9-91A3-860870CC9FA3}.Debug|x64.Build.0 = Debug|x64
		{53A1FE0A-9B3A-4FE9-91A3-860870CC9FA3}.Debug|x86.ActiveCfg = Debug|Win32
		{53A1FE0A-9B3A-4FE9-91A3-860870CC9FA3}.Debug|x86.Build.0 = Debug|Win32
		{53A1FE0A-9B3A-4FE9-91A3-860870CC9FA3}.Release|Any CPU.ActiveCfg = Release|Win32
		{53A1FE0A-9B3A-4FE9-91A3-860870CC9FA3}.Release|Any CPU.Build.0 = Release|Win32
		{53A1FE0A-9B3A-4FE9-91A3-860870CC9FA3}.Release|x64.ActiveCfg = Release|x64
		{53A1FE0A-9B3A-4FE9-91A3-860870CC9FA3}.Release|x64.Build.0 = Release|x64
		{53A1FE0A-9B3A-4FE9-91A3-860870CC9FA3}.Release|x86.ActiveCfg = Release|Win32
		{53A1FE0A-9B3A-4FE9-91A3-860870CC9FA3}.Release|x86.Build.0 = Release|Win32
		{58DEBD18-A08E-4ABB-B2C7-79B352EE79DA}.All|Any CPU.ActiveCfg = Debug
		{58DEBD18-A08E-4ABB-B2C7-79B352EE79DA}.All|Any CPU.Build.0 = Debug
		{58DEBD18-A08E-4ABB-B2C7-79B352EE79DA}.All|x64.ActiveCfg = Debug
		{58DEBD18-A08E-4ABB-B2C7-79B352EE79DA}.All|x64.Build.0 = Debug
		{58DEBD18-A08E-4ABB-B2C7-79B352EE79DA}.All|x86.ActiveCfg = Debug
		{58DEBD18-A08E-4ABB-B2C7-79B352EE79DA}.All|x86.Build.0 = Debug
		{58DEBD18-A08E-4ABB-B2C7-79B352EE79DA}.Debug|Any CPU.ActiveCfg = Debug
		{58DEBD18-A08E-4ABB-B2C7-79B352EE79DA}.Debug|Any CPU.Build.0 = Debug
		{58DEBD18-A08E-4ABB-B2C7-79B352EE79DA}.Debug|x64.ActiveCfg = Debug
		{58DEBD18-A08E-4ABB-B2C7-79B352EE79DA}.Debug|x64.Build.0 = Debug
		{58DEBD18-A08E-4ABB-B2C7-79B352EE79DA}.Debug|x86.ActiveCfg = Debug
		{58DEBD18-A08E-4ABB-B2C7-79B352EE79DA}.Debug|x86.Build.0 = Debug
		{58DEBD18-A08E-4ABB-B2C7-79B352EE79DA}.Release|Any CPU.ActiveCfg = Release
		{58DEBD18-A08E-4ABB-B2C7-79B352EE79DA}.Release|Any CPU.Build.0 = Release
		{58DEBD18-A08E-4ABB-B2C7-79B352EE79DA}.Release|x64.ActiveCfg = Release
		{58DEBD18-A08E-4ABB-B2C7-79B352EE79DA}.Release|x64.Build.0 = Release
		{58DEBD18-A08E-4ABB-B2C7-79B352EE79DA}.Release|x86.ActiveCfg = Release
		{58DEBD18-A08E-4ABB-B2C7-79B352EE79DA}.Release|x86.Build.0 = Release
	EndGlobalSection
	GlobalSection(SolutionProperties) = preSolution
		HideSolutionNode = FALSE
	EndGlobalSection
	GlobalSection(ExtensibilityGlobals) = postSolution
		SolutionGuid = {175D4BBC-7D16-4EE1-B906-0706039C9298}
	EndGlobalSection
EndGlobal
